
Microsoft Visual Studio Solution File, Format Version 12.00
# Visual Studio Version 16
VisualStudioVersion = 16.0.30611.23
MinimumVisualStudioVersion = 10.0.40219.1
Project("{FAE04EC0-301F-11D3-BF4B-00C04F79EFBC}") = "MyBrowser", "MyBrowser\MyBrowser.csproj", "{AB214A28-D31A-4EE5-ACFA-29316B205604}"
EndProject
Global
	GlobalSection(SolutionConfigurationPlatforms) = preSolution
		Debug|Any CPU = Debug|Any CPU
		Release|Any CPU = Release|Any CPU
	EndGlobalSection
	GlobalSection(ProjectConfigurationPlatforms) = postSolution
		{AB214A28-D31A-4EE5-ACFA-29316B205604}.Debug|Any CPU.ActiveCfg = Debug|Any CPU
		{AB214A28-D31A-4EE5-ACFA-29316B205604}.Debug|Any CPU.Build.0 = Debug|Any CPU
		{AB214A28-D31A-4EE5-ACFA-29316B205604}.Release|Any CPU.ActiveCfg = Release|Any CPU
		{AB214A28-D31A-4EE5-ACFA-29316B205604}.Release|Any CPU.Build.0 = Release|Any CPU
	EndGlobalSection
	GlobalSection(SolutionProperties) = preSolution
		HideSolutionNode = FALSE
	EndGlobalSection
	GlobalSection(ExtensibilityGlobals) = postSolution
		SolutionGuid = {A4C7FE10-BE1F-45C1-BCA4-E61E8DF0632D}
	EndGlobalSection
EndGlobal
